
Microsoft Visual Studio Solution File, Format Version 12.00
# Visual Studio Version 17
VisualStudioVersion = 17.3.32929.385
MinimumVisualStudioVersion = 10.0.40219.1
Project("{FAE04EC0-301F-11D3-BF4B-00C04F79EFBC}") = "LAB2KG", "LAB2KG\LAB2KG.csproj", "{7FA4A927-641C-481C-820B-270BDDA1DE0F}"
EndProject
Global
	GlobalSection(SolutionConfigurationPlatforms) = preSolution
		Debug|Any CPU = Debug|Any CPU
		Release|Any CPU = Release|Any CPU
	EndGlobalSection
	GlobalSection(ProjectConfigurationPlatforms) = postSolution
		{7FA4A927-641C-481C-820B-270BDDA1DE0F}.Debug|Any CPU.ActiveCfg = Debug|Any CPU
		{7FA4A927-641C-481C-820B-270BDDA1DE0F}.Debug|Any CPU.Build.0 = Debug|Any CPU
		{7FA4A927-641C-481C-820B-270BDDA1DE0F}.Release|Any CPU.ActiveCfg = Release|Any CPU
		{7FA4A927-641C-481C-820B-270BDDA1DE0F}.Release|Any CPU.Build.0 = Release|Any CPU
	EndGlobalSection
	GlobalSection(SolutionProperties) = preSolution
		HideSolutionNode = FALSE
	EndGlobalSection
	GlobalSection(ExtensibilityGlobals) = postSolution
		SolutionGuid = {C5BEF74E-DB73-4B67-B1D3-207093CC1223}
	EndGlobalSection
EndGlobal
